
Microsoft Visual Studio Solution File, Format Version 12.00
# Visual Studio 15
VisualStudioVersion = 15.0.27703.2035
MinimumVisualStudioVersion = 10.0.40219.1
Project("{FAE04EC0-301F-11D3-BF4B-00C04F79EFBC}") = "InsightlyToMailChimp", "InsightlyToMailChimp\InsightlyToMailChimp.csproj", "{9E06DA26-7C14-4A0B-8662-85C1EC33F040}"
EndProject
Project("{FAE04EC0-301F-11D3-BF4B-00C04F79EFBC}") = "InsightlyToMailChimp.Core", "InsightlyToMailChimp.Core\InsightlyToMailChimp.Core.csproj", "{6E43BFED-1369-4690-BE94-C9AAFF1114D4}"
EndProject
Project("{FAE04EC0-301F-11D3-BF4B-00C04F79EFBC}") = "InsightlyToMailChimp.Services", "InsightlyToMailChimp.Services\InsightlyToMailChimp.Services.csproj", "{1006CA69-5032-4FE9-A268-41332C2110DC}"
EndProject
Project("{FAE04EC0-301F-11D3-BF4B-00C04F79EFBC}") = "InsightlyToMailChimp.IoC", "InsightlyToMailChimp.IoC\InsightlyToMailChimp.IoC.csproj", "{3F19C3A1-0A62-4EE2-81A9-15D30CD4C71F}"
EndProject
Global
	GlobalSection(SolutionConfigurationPlatforms) = preSolution
		Debug|Any CPU = Debug|Any CPU
		Release|Any CPU = Release|Any CPU
	EndGlobalSection
	GlobalSection(ProjectConfigurationPlatforms) = postSolution
		{9E06DA26-7C14-4A0B-8662-85C1EC33F040}.Debug|Any CPU.ActiveCfg = Debug|Any CPU
		{9E06DA26-7C14-4A0B-8662-85C1EC33F040}.Debug|Any CPU.Build.0 = Debug|Any CPU
		{9E06DA26-7C14-4A0B-8662-85C1EC33F040}.Release|Any CPU.ActiveCfg = Release|Any CPU
		{9E06DA26-7C14-4A0B-8662-85C1EC33F040}.Release|Any CPU.Build.0 = Release|Any CPU
		{6E43BFED-1369-4690-BE94-C9AAFF1114D4}.Debug|Any CPU.ActiveCfg = Debug|Any CPU
		{6E43BFED-1369-4690-BE94-C9AAFF1114D4}.Debug|Any CPU.Build.0 = Debug|Any CPU
		{6E43BFED-1369-4690-BE94-C9AAFF1114D4}.Release|Any CPU.ActiveCfg = Release|Any CPU
		{6E43BFED-1369-4690-BE94-C9AAFF1114D4}.Release|Any CPU.Build.0 = Release|Any CPU
		{1006CA69-5032-4FE9-A268-41332C2110DC}.Debug|Any CPU.ActiveCfg = Debug|Any CPU
		{1006CA69-5032-4FE9-A268-41332C2110DC}.Debug|Any CPU.Build.0 = Debug|Any CPU
		{1006CA69-5032-4FE9-A268-41332C2110DC}.Release|Any CPU.ActiveCfg = Release|Any CPU
		{1006CA69-5032-4FE9-A268-41332C2110DC}.Release|Any CPU.Build.0 = Release|Any CPU
		{3F19C3A1-0A62-4EE2-81A9-15D30CD4C71F}.Debug|Any CPU.ActiveCfg = Debug|Any CPU
		{3F19C3A1-0A62-4EE2-81A9-15D30CD4C71F}.Debug|Any CPU.Build.0 = Debug|Any CPU
		{3F19C3A1-0A62-4EE2-81A9-15D30CD4C71F}.Release|Any CPU.ActiveCfg = Release|Any CPU
		{3F19C3A1-0A62-4EE2-81A9-15D30CD4C71F}.Release|Any CPU.Build.0 = Release|Any CPU
	EndGlobalSection
	GlobalSection(SolutionProperties) = preSolution
		HideSolutionNode = FALSE
	EndGlobalSection
	GlobalSection(ExtensibilityGlobals) = postSolution
		SolutionGuid = {24F989DB-F79A-4407-826A-3D7C7C731081}
	EndGlobalSection
EndGlobal
